
Microsoft Visual Studio Solution File, Format Version 12.00
# Visual Studio Version 17
VisualStudioVersion = 17.9.34701.34
MinimumVisualStudioVersion = 10.0.40219.1
Project("{FAE04EC0-301F-11D3-BF4B-00C04F79EFBC}") = "DemoCustomerSvc", "DemoCustomerSvc.csproj", "{91B538C8-4C30-4242-8837-96283CFAE9A4}"
EndProject
Global
	GlobalSection(SolutionConfigurationPlatforms) = preSolution
		Debug|Any CPU = Debug|Any CPU
		Release|Any CPU = Release|Any CPU
	EndGlobalSection
	GlobalSection(ProjectConfigurationPlatforms) = postSolution
		{91B538C8-4C30-4242-8837-96283CFAE9A4}.Debug|Any CPU.ActiveCfg = Debug|Any CPU
		{91B538C8-4C30-4242-8837-96283CFAE9A4}.Debug|Any CPU.Build.0 = Debug|Any CPU
		{91B538C8-4C30-4242-8837-96283CFAE9A4}.Release|Any CPU.ActiveCfg = Release|Any CPU
		{91B538C8-4C30-4242-8837-96283CFAE9A4}.Release|Any CPU.Build.0 = Release|Any CPU
	EndGlobalSection
	GlobalSection(SolutionProperties) = preSolution
		HideSolutionNode = FALSE
	EndGlobalSection
	GlobalSection(ExtensibilityGlobals) = postSolution
		SolutionGuid = {A17C91D2-C9EE-4D5D-B0B3-C37C185CF156}
	EndGlobalSection
EndGlobal
